
Microsoft Visual Studio Solution File, Format Version 12.00
# Visual Studio Version 17
VisualStudioVersion = 17.0.31903.59
MinimumVisualStudioVersion = 10.0.40219.1
Project("{2150E333-8FDC-42A3-9474-1A3956D46DE8}") = "sdk", "sdk", "{FF13A09E-0E72-1904-124B-A4E979EF28D3}"
EndProject
Project("{2150E333-8FDC-42A3-9474-1A3956D46DE8}") = "dotnet", "dotnet", "{9D954F24-B3F1-FF05-00E7-71549D8DD0D6}"
EndProject
Project("{2150E333-8FDC-42A3-9474-1A3956D46DE8}") = "src", "src", "{43053DFA-820D-9761-1312-3A80C6DA658E}"
EndProject
Project("{FAE04EC0-301F-11D3-BF4B-00C04F79EFBC}") = "BigPipe.Analytics.Gravicode", "sdk\dotnet\src\BigPipe.Analytics.Gravicode\BigPipe.Analytics.Gravicode.csproj", "{597ADC13-7ACD-4D44-9A6F-B7BF4DB4D08E}"
EndProject
Project("{FAE04EC0-301F-11D3-BF4B-00C04F79EFBC}") = "BigPipe.Analytics", "sdk\dotnet\src\BigPipe.Analytics\BigPipe.Analytics.csproj", "{FB48FBFA-EA14-438D-83F9-3DBA12F4ED34}"
EndProject
Project("{FAE04EC0-301F-11D3-BF4B-00C04F79EFBC}") = "BigPipe.Client", "sdk\dotnet\src\BigPipe.Client\BigPipe.Client.csproj", "{32A52050-98F1-497F-BBBC-C99ED75C3E02}"
EndProject
Project("{FAE04EC0-301F-11D3-BF4B-00C04F79EFBC}") = "BigPipe.Analytics.ML", "sdk\dotnet\src\BigPipe.Analytics.ML\BigPipe.Analytics.ML.csproj", "{789E6B19-6190-4AD2-A9D3-86933AF25034}"
EndProject
Project("{FAE04EC0-301F-11D3-BF4B-00C04F79EFBC}") = "BigPipe.Analytics.Scripting", "sdk\dotnet\src\BigPipe.Analytics.Scripting\BigPipe.Analytics.Scripting.csproj", "{DAAFA4BA-4EDE-4225-9AA8-94C9C4BA51A9}"
EndProject
Project("{FAE04EC0-301F-11D3-BF4B-00C04F79EFBC}") = "BigPipe.Analytics.Torch", "sdk\dotnet\src\BigPipe.Analytics.Torch\BigPipe.Analytics.Torch.csproj", "{A435D768-D010-4699-B7A2-3DD26799CB15}"
EndProject
Project("{FAE04EC0-301F-11D3-BF4B-00C04F79EFBC}") = "BigPipe.Streams", "sdk\dotnet\src\BigPipe.Streams\BigPipe.Streams.csproj", "{9F2A1203-5E96-4C6A-9C27-09C72904C4EE}"
EndProject
Project("{2150E333-8FDC-42A3-9474-1A3956D46DE8}") = "tests", "tests", "{057586A7-1DA5-03CC-25F3-76CE102E4A57}"
EndProject
Project("{FAE04EC0-301F-11D3-BF4B-00C04F79EFBC}") = "BigPipe.Client.Tests", "sdk\dotnet\tests\BigPipe.Client.Tests\BigPipe.Client.Tests.csproj", "{63636BD4-2BCC-4721-B1A3-8556DC2112EE}"
EndProject
Project("{2150E333-8FDC-42A3-9474-1A3956D46DE8}") = "control-plane", "control-plane", "{37D9904D-C885-5087-2CE0-60548B3ACE6A}"
EndProject
Project("{2150E333-8FDC-42A3-9474-1A3956D46DE8}") = "src", "src", "{78633A74-0B30-CB6F-9F93-5CEA41B8DDE2}"
EndProject
Project("{FAE04EC0-301F-11D3-BF4B-00C04F79EFBC}") = "BigPipe.AdminApi", "control-plane\src\BigPipe.AdminApi\BigPipe.AdminApi.csproj", "{0444CB00-8C55-4437-9D2B-E78E05F97928}"
EndProject
Project("{FAE04EC0-301F-11D3-BF4B-00C04F79EFBC}") = "BigPipe.Console", "control-plane\src\BigPipe.Console\BigPipe.Console.csproj", "{5F17D07F-F14D-48DE-BB58-AE4EDCE4995C}"
EndProject
Project("{FAE04EC0-301F-11D3-BF4B-00C04F79EFBC}") = "BigPipe.SchemaRegistry", "control-plane\src\BigPipe.SchemaRegistry\BigPipe.SchemaRegistry.csproj", "{7E6E6AA0-1EB4-4BC7-A73B-13574EAEF34F}"
EndProject
Project("{2150E333-8FDC-42A3-9474-1A3956D46DE8}") = "samples", "samples", "{5D20AA90-6969-D8BD-9DCD-8634F4692FDA}"
EndProject
Project("{FAE04EC0-301F-11D3-BF4B-00C04F79EFBC}") = "BigPipe.Demo", "samples\BigPipe.Demo\BigPipe.Demo.csproj", "{4F3686B2-14CB-4AFE-82BA-7598D9EDF859}"
EndProject
Project("{FAE04EC0-301F-11D3-BF4B-00C04F79EFBC}") = "BigPipe.Gallery", "samples\BigPipe.Gallery\BigPipe.Gallery.csproj", "{F11D96C0-F3FD-48BD-8084-36B3675C79AD}"
EndProject
Global
	GlobalSection(SolutionConfigurationPlatforms) = preSolution
		Debug|Any CPU = Debug|Any CPU
		Debug|x64 = Debug|x64
		Debug|x86 = Debug|x86
		Release|Any CPU = Release|Any CPU
		Release|x64 = Release|x64
		Release|x86 = Release|x86
	EndGlobalSection
	GlobalSection(ProjectConfigurationPlatforms) = postSolution
		{597ADC13-7ACD-4D44-9A6F-B7BF4DB4D08E}.Debug|Any CPU.ActiveCfg = Debug|Any CPU
		{597ADC13-7ACD-4D44-9A6F-B7BF4DB4D08E}.Debug|Any CPU.Build.0 = Debug|Any CPU
		{597ADC13-7ACD-4D44-9A6F-B7BF4DB4D08E}.Debug|x64.ActiveCfg = Debug|Any CPU
		{597ADC13-7ACD-4D44-9A6F-B7BF4DB4D08E}.Debug|x64.Build.0 = Debug|Any CPU
		{597ADC13-7ACD-4D44-9A6F-B7BF4DB4D08E}.Debug|x86.ActiveCfg = Debug|Any CPU
		{597ADC13-7ACD-4D44-9A6F-B7BF4DB4D08E}.Debug|x86.Build.0 = Debug|Any CPU
		{597ADC13-7ACD-4D44-9A6F-B7BF4DB4D08E}.Release|Any CPU.ActiveCfg = Release|Any CPU
		{597ADC13-7ACD-4D44-9A6F-B7BF4DB4D08E}.Release|Any CPU.Build.0 = Release|Any CPU
		{597ADC13-7ACD-4D44-9A6F-B7BF4DB4D08E}.Release|x64.ActiveCfg = Release|Any CPU
		{597ADC13-7ACD-4D44-9A6F-B7BF4DB4D08E}.Release|x64.Build.0 = Release|Any CPU
		{597ADC13-7ACD-4D44-9A6F-B7BF4DB4D08E}.Release|x86.ActiveCfg = Release|Any CPU
		{597ADC13-7ACD-4D44-9A6F-B7BF4DB4D08E}.Release|x86.Build.0 = Release|Any CPU
		{FB48FBFA-EA14-438D-83F9-3DBA12F4ED34}.Debug|Any CPU.ActiveCfg = Debug|Any CPU
		{FB48FBFA-EA14-438D-83F9-3DBA12F4ED34}.Debug|Any CPU.Build.0 = Debug|Any CPU
		{FB48FBFA-EA14-438D-83F9-3DBA12F4ED34}.Debug|x64.ActiveCfg = Debug|Any CPU
		{FB48FBFA-EA14-438D-83F9-3DBA12F4ED34}.Debug|x64.Build.0 = Debug|Any CPU
		{FB48FBFA-EA14-438D-83F9-3DBA12F4ED34}.Debug|x86.ActiveCfg = Debug|Any CPU
		{FB48FBFA-EA14-438D-83F9-3DBA12F4ED34}.Debug|x86.Build.0 = Debug|Any CPU
		{FB48FBFA-EA14-438D-83F9-3DBA12F4ED34}.Release|Any CPU.ActiveCfg = Release|Any CPU
		{FB48FBFA-EA14-438D-83F9-3DBA12F4ED34}.Release|Any CPU.Build.0 = Release|Any CPU
		{FB48FBFA-EA14-438D-83F9-3DBA12F4ED34}.Release|x64.ActiveCfg = Release|Any CPU
		{FB48FBFA-EA14-438D-83F9-3DBA12F4ED34}.Release|x64.Build.0 = Release|Any CPU
		{FB48FBFA-EA14-438D-83F9-3DBA12F4ED34}.Release|x86.ActiveCfg = Release|Any CPU
		{FB48FBFA-EA14-438D-83F9-3DBA12F4ED34}.Release|x86.Build.0 = Release|Any CPU
		{32A52050-98F1-497F-BBBC-C99ED75C3E02}.Debug|Any CPU.ActiveCfg = Debug|Any CPU
		{32A52050-98F1-497F-BBBC-C99ED75C3E02}.Debug|Any CPU.Build.0 = Debug|Any CPU
		{32A52050-98F1-497F-BBBC-C99ED75C3E02}.Debug|x64.ActiveCfg = Debug|Any CPU
		{32A52050-98F1-497F-BBBC-C99ED75C3E02}.Debug|x64.Build.0 = Debug|Any CPU
		{32A52050-98F1-497F-BBBC-C99ED75C3E02}.Debug|x86.ActiveCfg = Debug|Any CPU
		{32A52050-98F1-497F-BBBC-C99ED75C3E02}.Debug|x86.Build.0 = Debug|Any CPU
		{32A52050-98F1-497F-BBBC-C99ED75C3E02}.Release|Any CPU.ActiveCfg = Release|Any CPU
		{32A52050-98F1-497F-BBBC-C99ED75C3E02}.Release|Any CPU.Build.0 = Release|Any CPU
		{32A52050-98F1-497F-BBBC-C99ED75C3E02}.Release|x64.ActiveCfg = Release|Any CPU
		{32A52050-98F1-497F-BBBC-C99ED75C3E02}.Release|x64.Build.0 = Release|Any CPU
		{32A52050-98F1-497F-BBBC-C99ED75C3E02}.Release|x86.ActiveCfg = Release|Any CPU
		{32A52050-98F1-497F-BBBC-C99ED75C3E02}.Release|x86.Build.0 = Release|Any CPU
		{789E6B19-6190-4AD2-A9D3-86933AF25034}.Debug|Any CPU.ActiveCfg = Debug|Any CPU
		{789E6B19-6190-4AD2-A9D3-86933AF25034}.Debug|Any CPU.Build.0 = Debug|Any CPU
		{789E6B19-6190-4AD2-A9D3-86933AF25034}.Debug|x64.ActiveCfg = Debug|Any CPU
		{789E6B19-6190-4AD2-A9D3-86933AF25034}.Debug|x64.Build.0 = Debug|Any CPU
		{789E6B19-6190-4AD2-A9D3-86933AF25034}.Debug|x86.ActiveCfg = Debug|Any CPU
		{789E6B19-6190-4AD2-A9D3-86933AF25034}.Debug|x86.Build.0 = Debug|Any CPU
		{789E6B19-6190-4AD2-A9D3-86933AF25034}.Release|Any CPU.ActiveCfg = Release|Any CPU
		{789E6B19-6190-4AD2-A9D3-86933AF25034}.Release|Any CPU.Build.0 = Release|Any CPU
		{789E6B19-6190-4AD2-A9D3-86933AF25034}.Release|x64.ActiveCfg = Release|Any CPU
		{789E6B19-6190-4AD2-A9D3-86933AF25034}.Release|x64.Build.0 = Release|Any CPU
		{789E6B19-6190-4AD2-A9D3-86933AF25034}.Release|x86.ActiveCfg = Release|Any CPU
		{789E6B19-6190-4AD2-A9D3-86933AF25034}.Release|x86.Build.0 = Release|Any CPU
		{DAAFA4BA-4EDE-4225-9AA8-94C9C4BA51A9}.Debug|Any CPU.ActiveCfg = Debug|Any CPU
		{DAAFA4BA-4EDE-4225-9AA8-94C9C4BA51A9}.Debug|Any CPU.Build.0 = Debug|Any CPU
		{DAAFA4BA-4EDE-4225-9AA8-94C9C4BA51A9}.Debug|x64.ActiveCfg = Debug|Any CPU
		{DAAFA4BA-4EDE-4225-9AA8-94C9C4BA51A9}.Debug|x64.Build.0 = Debug|Any CPU
		{DAAFA4BA-4EDE-4225-9AA8-94C9C4BA51A9}.Debug|x86.ActiveCfg = Debug|Any CPU
		{DAAFA4BA-4EDE-4225-9AA8-94C9C4BA51A9}.Debug|x86.Build.0 = Debug|Any CPU
		{DAAFA4BA-4EDE-4225-9AA8-94C9C4BA51A9}.Release|Any CPU.ActiveCfg = Release|Any CPU
		{DAAFA4BA-4EDE-4225-9AA8-94C9C4BA51A9}.Release|Any CPU.Build.0 = Release|Any CPU
		{DAAFA4BA-4EDE-4225-9AA8-94C9C4BA51A9}.Release|x64.ActiveCfg = Release|Any CPU
		{DAAFA4BA-4EDE-4225-9AA8-94C9C4BA51A9}.Release|x64.Build.0 = Release|Any CPU
		{DAAFA4BA-4EDE-4225-9AA8-94C9C4BA51A9}.Release|x86.ActiveCfg = Release|Any CPU
		{DAAFA4BA-4EDE-4225-9AA8-94C9C4BA51A9}.Release|x86.Build.0 = Release|Any CPU
		{A435D768-D010-4699-B7A2-3DD26799CB15}.Debug|Any CPU.ActiveCfg = Debug|Any CPU
		{A435D768-D010-4699-B7A2-3DD26799CB15}.Debug|Any CPU.Build.0 = Debug|Any CPU
		{A435D768-D010-4699-B7A2-3DD26799CB15}.Debug|x64.ActiveCfg = Debug|Any CPU
		{A435D768-D010-4699-B7A2-3DD26799CB15}.Debug|x64.Build.0 = Debug|Any CPU
		{A435D768-D010-4699-B7A2-3DD26799CB15}.Debug|x86.ActiveCfg = Debug|Any CPU
		{A435D768-D010-4699-B7A2-3DD26799CB15}.Debug|x86.Build.0 = Debug|Any CPU
		{A435D768-D010-4699-B7A2-3DD26799CB15}.Release|Any CPU.ActiveCfg = Release|Any CPU
		{A435D768-D010-4699-B7A2-3DD26799CB15}.Release|Any CPU.Build.0 = Release|Any CPU
		{A435D768-D010-4699-B7A2-3DD26799CB15}.Release|x64.ActiveCfg = Release|Any CPU
		{A435D768-D010-4699-B7A2-3DD26799CB15}.Release|x64.Build.0 = Release|Any CPU
		{A435D768-D010-4699-B7A2-3DD26799CB15}.Release|x86.ActiveCfg = Release|Any CPU
		{A435D768-D010-4699-B7A2-3DD26799CB15}.Release|x86.Build.0 = Release|Any CPU
		{9F2A1203-5E96-4C6A-9C27-09C72904C4EE}.Debug|Any CPU.ActiveCfg = Debug|Any CPU
		{9F2A1203-5E96-4C6A-9C27-09C72904C4EE}.Debug|Any CPU.Build.0 = Debug|Any CPU
		{9F2A1203-5E96-4C6A-9C27-09C72904C4EE}.Debug|x64.ActiveCfg = Debug|Any CPU
		{9F2A1203-5E96-4C6A-9C27-09C72904C4EE}.Debug|x64.Build.0 = Debug|Any CPU
		{9F2A1203-5E96-4C6A-9C27-09C72904C4EE}.Debug|x86.ActiveCfg = Debug|Any CPU
		{9F2A1203-5E96-4C6A-9C27-09C72904C4EE}.Debug|x86.Build.0 = Debug|Any CPU
		{9F2A1203-5E96-4C6A-9C27-09C72904C4EE}.Release|Any CPU.ActiveCfg = Release|Any CPU
		{9F2A1203-5E96-4C6A-9C27-09C72904C4EE}.Release|Any CPU.Build.0 = Release|Any CPU
		{9F2A1203-5E96-4C6A-9C27-09C72904C4EE}.Release|x64.ActiveCfg = Release|Any CPU
		{9F2A1203-5E96-4C6A-9C27-09C72904C4EE}.Release|x64.Build.0 = Release|Any CPU
		{9F2A1203-5E96-4C6A-9C27-09C72904C4EE}.Release|x86.ActiveCfg = Release|Any CPU
		{9F2A1203-5E96-4C6A-9C27-09C72904C4EE}.Release|x86.Build.0 = Release|Any CPU
		{63636BD4-2BCC-4721-B1A3-8556DC2112EE}.Debug|Any CPU.ActiveCfg = Debug|Any CPU
		{63636BD4-2BCC-4721-B1A3-8556DC2112EE}.Debug|Any CPU.Build.0 = Debug|Any CPU
		{63636BD4-2BCC-4721-B1A3-8556DC2112EE}.Debug|x64.ActiveCfg = Debug|Any CPU
		{63636BD4-2BCC-4721-B1A3-8556DC2112EE}.Debug|x64.Build.0 = Debug|Any CPU
		{63636BD4-2BCC-4721-B1A3-8556DC2112EE}.Debug|x86.ActiveCfg = Debug|Any CPU
		{63636BD4-2BCC-4721-B1A3-8556DC2112EE}.Debug|x86.Build.0 = Debug|Any CPU
		{63636BD4-2BCC-4721-B1A3-8556DC2112EE}.Release|Any CPU.ActiveCfg = Release|Any CPU
		{63636BD4-2BCC-4721-B1A3-8556DC2112EE}.Release|Any CPU.Build.0 = Release|Any CPU
		{63636BD4-2BCC-4721-B1A3-8556DC2112EE}.Release|x64.ActiveCfg = Release|Any CPU
		{63636BD4-2BCC-4721-B1A3-8556DC2112EE}.Release|x64.Build.0 = Release|Any CPU
		{63636BD4-2BCC-4721-B1A3-8556DC2112EE}.Release|x86.ActiveCfg = Release|Any CPU
		{63636BD4-2BCC-4721-B1A3-8556DC2112EE}.Release|x86.Build.0 = Release|Any CPU
		{0444CB00-8C55-4437-9D2B-E78E05F97928}.Debug|Any CPU.ActiveCfg = Debug|Any CPU
		{0444CB00-8C55-4437-9D2B-E78E05F97928}.Debug|Any CPU.Build.0 = Debug|Any CPU
		{0444CB00-8C55-4437-9D2B-E78E05F97928}.Debug|x64.ActiveCfg = Debug|Any CPU
		{0444CB00-8C55-4437-9D2B-E78E05F97928}.Debug|x64.Build.0 = Debug|Any CPU
		{0444CB00-8C55-4437-9D2B-E78E05F97928}.Debug|x86.ActiveCfg = Debug|Any CPU
		{0444CB00-8C55-4437-9D2B-E78E05F97928}.Debug|x86.Build.0 = Debug|Any CPU
		{0444CB00-8C55-4437-9D2B-E78E05F97928}.Release|Any CPU.ActiveCfg = Release|Any CPU
		{0444CB00-8C55-4437-9D2B-E78E05F97928}.Release|Any CPU.Build.0 = Release|Any CPU
		{0444CB00-8C55-4437-9D2B-E78E05F97928}.Release|x64.ActiveCfg = Release|Any CPU
		{0444CB00-8C55-4437-9D2B-E78E05F97928}.Release|x64.Build.0 = Release|Any CPU
		{0444CB00-8C55-4437-9D2B-E78E05F97928}.Release|x86.ActiveCfg = Release|Any CPU
		{0444CB00-8C55-4437-9D2B-E78E05F97928}.Release|x86.Build.0 = Release|Any CPU
		{5F17D07F-F14D-48DE-BB58-AE4EDCE4995C}.Debug|Any CPU.ActiveCfg = Debug|Any CPU
		{5F17D07F-F14D-48DE-BB58-AE4EDCE4995C}.Debug|Any CPU.Build.0 = Debug|Any CPU
		{5F17D07F-F14D-48DE-BB58-AE4EDCE4995C}.Debug|x64.ActiveCfg = Debug|Any CPU
		{5F17D07F-F14D-48DE-BB58-AE4EDCE4995C}.Debug|x64.Build.0 = Debug|Any CPU
		{5F17D07F-F14D-48DE-BB58-AE4EDCE4995C}.Debug|x86.ActiveCfg = Debug|Any CPU
		{5F17D07F-F14D-48DE-BB58-AE4EDCE4995C}.Debug|x86.Build.0 = Debug|Any CPU
		{5F17D07F-F14D-48DE-BB58-AE4EDCE4995C}.Release|Any CPU.ActiveCfg = Release|Any CPU
		{5F17D07F-F14D-48DE-BB58-AE4EDCE4995C}.Release|Any CPU.Build.0 = Release|Any CPU
		{5F17D07F-F14D-48DE-BB58-AE4EDCE4995C}.Release|x64.ActiveCfg = Release|Any CPU
		{5F17D07F-F14D-48DE-BB58-AE4EDCE4995C}.Release|x64.Build.0 = Release|Any CPU
		{5F17D07F-F14D-48DE-BB58-AE4EDCE4995C}.Release|x86.ActiveCfg = Release|Any CPU
		{5F17D07F-F14D-48DE-BB58-AE4EDCE4995C}.Release|x86.Build.0 = Release|Any CPU
		{7E6E6AA0-1EB4-4BC7-A73B-13574EAEF34F}.Debug|Any CPU.ActiveCfg = Debug|Any CPU
		{7E6E6AA0-1EB4-4BC7-A73B-13574EAEF34F}.Debug|Any CPU.Build.0 = Debug|Any CPU
		{7E6E6AA0-1EB4-4BC7-A73B-13574EAEF34F}.Debug|x64.ActiveCfg = Debug|Any CPU
		{7E6E6AA0-1EB4-4BC7-A73B-13574EAEF34F}.Debug|x64.Build.0 = Debug|Any CPU
		{7E6E6AA0-1EB4-4BC7-A73B-13574EAEF34F}.Debug|x86.ActiveCfg = Debug|Any CPU
		{7E6E6AA0-1EB4-4BC7-A73B-13574EAEF34F}.Debug|x86.Build.0 = Debug|Any CPU
		{7E6E6AA0-1EB4-4BC7-A73B-13574EAEF34F}.Release|Any CPU.ActiveCfg = Release|Any CPU
		{7E6E6AA0-1EB4-4BC7-A73B-13574EAEF34F}.Release|Any CPU.Build.0 = Release|Any CPU
		{7E6E6AA0-1EB4-4BC7-A73B-13574EAEF34F}.Release|x64.ActiveCfg = Release|Any CPU
		{7E6E6AA0-1EB4-4BC7-A73B-13574EAEF34F}.Release|x64.Build.0 = Release|Any CPU
		{7E6E6AA0-1EB4-4BC7-A73B-13574EAEF34F}.Release|x86.ActiveCfg = Release|Any CPU
		{7E6E6AA0-1EB4-4BC7-A73B-13574EAEF34F}.Release|x86.Build.0 = Release|Any CPU
		{4F3686B2-14CB-4AFE-82BA-7598D9EDF859}.Debug|Any CPU.ActiveCfg = Debug|Any CPU
		{4F3686B2-14CB-4AFE-82BA-7598D9EDF859}.Debug|Any CPU.Build.0 = Debug|Any CPU
		{4F3686B2-14CB-4AFE-82BA-7598D9EDF859}.Debug|x64.ActiveCfg = Debug|Any CPU
		{4F3686B2-14CB-4AFE-82BA-7598D9EDF859}.Debug|x64.Build.0 = Debug|Any CPU
		{4F3686B2-14CB-4AFE-82BA-7598D9EDF859}.Debug|x86.ActiveCfg = Debug|Any CPU
		{4F3686B2-14CB-4AFE-82BA-7598D9EDF859}.Debug|x86.Build.0 = Debug|Any CPU
		{4F3686B2-14CB-4AFE-82BA-7598D9EDF859}.Release|Any CPU.ActiveCfg = Release|Any CPU
		{4F3686B2-14CB-4AFE-82BA-7598D9EDF859}.Release|Any CPU.Build.0 = Release|Any CPU
		{4F3686B2-14CB-4AFE-82BA-7598D9EDF859}.Release|x64.ActiveCfg = Release|Any CPU
		{4F3686B2-14CB-4AFE-82BA-7598D9EDF859}.Release|x64.Build.0 = Release|Any CPU
		{4F3686B2-14CB-4AFE-82BA-7598D9EDF859}.Release|x86.ActiveCfg = Release|Any CPU
		{4F3686B2-14CB-4AFE-82BA-7598D9EDF859}.Release|x86.Build.0 = Release|Any CPU
		{F11D96C0-F3FD-48BD-8084-36B3675C79AD}.Debug|Any CPU.ActiveCfg = Debug|Any CPU
		{F11D96C0-F3FD-48BD-8084-36B3675C79AD}.Debug|Any CPU.Build.0 = Debug|Any CPU
		{F11D96C0-F3FD-48BD-8084-36B3675C79AD}.Debug|x64.ActiveCfg = Debug|Any CPU
		{F11D96C0-F3FD-48BD-8084-36B3675C79AD}.Debug|x64.Build.0 = Debug|Any CPU
		{F11D96C0-F3FD-48BD-8084-36B3675C79AD}.Debug|x86.ActiveCfg = Debug|Any CPU
		{F11D96C0-F3FD-48BD-8084-36B3675C79AD}.Debug|x86.Build.0 = Debug|Any CPU
		{F11D96C0-F3FD-48BD-8084-36B3675C79AD}.Release|Any CPU.ActiveCfg = Release|Any CPU
		{F11D96C0-F3FD-48BD-8084-36B3675C79AD}.Release|Any CPU.Build.0 = Release|Any CPU
		{F11D96C0-F3FD-48BD-8084-36B3675C79AD}.Release|x64.ActiveCfg = Release|Any CPU
		{F11D96C0-F3FD-48BD-8084-36B3675C79AD}.Release|x64.Build.0 = Release|Any CPU
		{F11D96C0-F3FD-48BD-8084-36B3675C79AD}.Release|x86.ActiveCfg = Release|Any CPU
		{F11D96C0-F3FD-48BD-8084-36B3675C79AD}.Release|x86.Build.0 = Release|Any CPU
	EndGlobalSection
	GlobalSection(SolutionProperties) = preSolution
		HideSolutionNode = FALSE
	EndGlobalSection
	GlobalSection(NestedProjects) = preSolution
		{9D954F24-B3F1-FF05-00E7-71549D8DD0D6} = {FF13A09E-0E72-1904-124B-A4E979EF28D3}
		{43053DFA-820D-9761-1312-3A80C6DA658E} = {9D954F24-B3F1-FF05-00E7-71549D8DD0D6}
		{597ADC13-7ACD-4D44-9A6F-B7BF4DB4D08E} = {43053DFA-820D-9761-1312-3A80C6DA658E}
		{FB48FBFA-EA14-438D-83F9-3DBA12F4ED34} = {43053DFA-820D-9761-1312-3A80C6DA658E}
		{32A52050-98F1-497F-BBBC-C99ED75C3E02} = {43053DFA-820D-9761-1312-3A80C6DA658E}
		{789E6B19-6190-4AD2-A9D3-86933AF25034} = {43053DFA-820D-9761-1312-3A80C6DA658E}
		{DAAFA4BA-4EDE-4225-9AA8-94C9C4BA51A9} = {43053DFA-820D-9761-1312-3A80C6DA658E}
		{A435D768-D010-4699-B7A2-3DD26799CB15} = {43053DFA-820D-9761-1312-3A80C6DA658E}
		{9F2A1203-5E96-4C6A-9C27-09C72904C4EE} = {43053DFA-820D-9761-1312-3A80C6DA658E}
		{057586A7-1DA5-03CC-25F3-76CE102E4A57} = {9D954F24-B3F1-FF05-00E7-71549D8DD0D6}
		{63636BD4-2BCC-4721-B1A3-8556DC2112EE} = {057586A7-1DA5-03CC-25F3-76CE102E4A57}
		{78633A74-0B30-CB6F-9F93-5CEA41B8DDE2} = {37D9904D-C885-5087-2CE0-60548B3ACE6A}
		{0444CB00-8C55-4437-9D2B-E78E05F97928} = {78633A74-0B30-CB6F-9F93-5CEA41B8DDE2}
		{5F17D07F-F14D-48DE-BB58-AE4EDCE4995C} = {78633A74-0B30-CB6F-9F93-5CEA41B8DDE2}
		{7E6E6AA0-1EB4-4BC7-A73B-13574EAEF34F} = {78633A74-0B30-CB6F-9F93-5CEA41B8DDE2}
		{4F3686B2-14CB-4AFE-82BA-7598D9EDF859} = {5D20AA90-6969-D8BD-9DCD-8634F4692FDA}
		{F11D96C0-F3FD-48BD-8084-36B3675C79AD} = {5D20AA90-6969-D8BD-9DCD-8634F4692FDA}
	EndGlobalSection
EndGlobal
